
Microsoft Visual Studio Solution File, Format Version 12.00
# Visual Studio Version 16
VisualStudioVersion = 16.0.30717.126
MinimumVisualStudioVersion = 10.0.40219.1
Project("{FAE04EC0-301F-11D3-BF4B-00C04F79EFBC}") = "Курсовая БД", "Курсовая БД\Курсовая БД.csproj", "{43863109-889B-4D3A-8B5E-5B6D8FD7A3B0}"
EndProject
Global
	GlobalSection(SolutionConfigurationPlatforms) = preSolution
		Debug|Any CPU = Debug|Any CPU
		Release|Any CPU = Release|Any CPU
	EndGlobalSection
	GlobalSection(ProjectConfigurationPlatforms) = postSolution
		{43863109-889B-4D3A-8B5E-5B6D8FD7A3B0}.Debug|Any CPU.ActiveCfg = Debug|Any CPU
		{43863109-889B-4D3A-8B5E-5B6D8FD7A3B0}.Debug|Any CPU.Build.0 = Debug|Any CPU
		{43863109-889B-4D3A-8B5E-5B6D8FD7A3B0}.Release|Any CPU.ActiveCfg = Release|Any CPU
		{43863109-889B-4D3A-8B5E-5B6D8FD7A3B0}.Release|Any CPU.Build.0 = Release|Any CPU
	EndGlobalSection
	GlobalSection(SolutionProperties) = preSolution
		HideSolutionNode = FALSE
	EndGlobalSection
	GlobalSection(ExtensibilityGlobals) = postSolution
		SolutionGuid = {0CB66A21-45AA-4E48-8093-E7F8D9023742}
	EndGlobalSection
EndGlobal
